
Microsoft Visual Studio Solution File, Format Version 12.00
# Visual Studio Version 17
VisualStudioVersion = 17.8.34330.188
MinimumVisualStudioVersion = 10.0.40219.1
Project("{9A19103F-16F7-4668-BE54-9A1E7A4F7556}") = "WMK_BE_RecipesAndPlans_Controller", "WMK_BE_RecipesAndPlans_Controller\WMK_BE_RecipesAndPlans_Controller.csproj", "{6CAA744D-C5C8-4BDF-B476-84DDC3B4DE11}"
EndProject
Project("{9A19103F-16F7-4668-BE54-9A1E7A4F7556}") = "WMK_BE_RecipesAndPlans_DataAccess", "WMK_BE_RecipesAndPlans_DataAccess\WMK_BE_RecipesAndPlans_DataAccess.csproj", "{6EE2A898-4FD0-47C3-BC57-3C8F20FE2A3F}"
EndProject
Project("{9A19103F-16F7-4668-BE54-9A1E7A4F7556}") = "WMK_BE_BusinessLogic", "WMK_BE_BusinessLogic\WMK_BE_BusinessLogic.csproj", "{5756D96C-F647-4EA4-AA8C-056ADD7D1E81}"
EndProject
Project("{9A19103F-16F7-4668-BE54-9A1E7A4F7556}") = "WMK_BE_Test", "WMK_BE_Test\WMK_BE_Test.csproj", "{C2F64F7E-77C0-4B12-8880-3658C1E9F57C}"
EndProject
Project("{E53339B2-1760-4266-BCC7-CA923CBCF16C}") = "docker-compose", "docker-compose.dcproj", "{EB664A0E-B264-40CE-9408-1567D820EAD7}"
EndProject
Project("{9A19103F-16F7-4668-BE54-9A1E7A4F7556}") = "Manager", "..\Manager\Manager.csproj", "{9D9076BA-D97E-4230-99F0-007853FC1DC1}"
EndProject
Global
	GlobalSection(SolutionConfigurationPlatforms) = preSolution
		Debug|Any CPU = Debug|Any CPU
		Release|Any CPU = Release|Any CPU
	EndGlobalSection
	GlobalSection(ProjectConfigurationPlatforms) = postSolution
		{6CAA744D-C5C8-4BDF-B476-84DDC3B4DE11}.Debug|Any CPU.ActiveCfg = Debug|Any CPU
		{6CAA744D-C5C8-4BDF-B476-84DDC3B4DE11}.Debug|Any CPU.Build.0 = Debug|Any CPU
		{6CAA744D-C5C8-4BDF-B476-84DDC3B4DE11}.Release|Any CPU.ActiveCfg = Release|Any CPU
		{6CAA744D-C5C8-4BDF-B476-84DDC3B4DE11}.Release|Any CPU.Build.0 = Release|Any CPU
		{6EE2A898-4FD0-47C3-BC57-3C8F20FE2A3F}.Debug|Any CPU.ActiveCfg = Debug|Any CPU
		{6EE2A898-4FD0-47C3-BC57-3C8F20FE2A3F}.Debug|Any CPU.Build.0 = Debug|Any CPU
		{6EE2A898-4FD0-47C3-BC57-3C8F20FE2A3F}.Release|Any CPU.ActiveCfg = Release|Any CPU
		{6EE2A898-4FD0-47C3-BC57-3C8F20FE2A3F}.Release|Any CPU.Build.0 = Release|Any CPU
		{5756D96C-F647-4EA4-AA8C-056ADD7D1E81}.Debug|Any CPU.ActiveCfg = Debug|Any CPU
		{5756D96C-F647-4EA4-AA8C-056ADD7D1E81}.Debug|Any CPU.Build.0 = Debug|Any CPU
		{5756D96C-F647-4EA4-AA8C-056ADD7D1E81}.Release|Any CPU.ActiveCfg = Release|Any CPU
		{5756D96C-F647-4EA4-AA8C-056ADD7D1E81}.Release|Any CPU.Build.0 = Release|Any CPU
		{C2F64F7E-77C0-4B12-8880-3658C1E9F57C}.Debug|Any CPU.ActiveCfg = Debug|Any CPU
		{C2F64F7E-77C0-4B12-8880-3658C1E9F57C}.Debug|Any CPU.Build.0 = Debug|Any CPU
		{C2F64F7E-77C0-4B12-8880-3658C1E9F57C}.Release|Any CPU.ActiveCfg = Release|Any CPU
		{C2F64F7E-77C0-4B12-8880-3658C1E9F57C}.Release|Any CPU.Build.0 = Release|Any CPU
		{EB664A0E-B264-40CE-9408-1567D820EAD7}.Debug|Any CPU.ActiveCfg = Debug|Any CPU
		{EB664A0E-B264-40CE-9408-1567D820EAD7}.Release|Any CPU.ActiveCfg = Release|Any CPU
		{EB664A0E-B264-40CE-9408-1567D820EAD7}.Release|Any CPU.Build.0 = Release|Any CPU
		{9D9076BA-D97E-4230-99F0-007853FC1DC1}.Debug|Any CPU.ActiveCfg = Debug|Any CPU
		{9D9076BA-D97E-4230-99F0-007853FC1DC1}.Debug|Any CPU.Build.0 = Debug|Any CPU
		{9D9076BA-D97E-4230-99F0-007853FC1DC1}.Release|Any CPU.ActiveCfg = Release|Any CPU
		{9D9076BA-D97E-4230-99F0-007853FC1DC1}.Release|Any CPU.Build.0 = Release|Any CPU
	EndGlobalSection
	GlobalSection(SolutionProperties) = preSolution
		HideSolutionNode = FALSE
	EndGlobalSection
	GlobalSection(ExtensibilityGlobals) = postSolution
		SolutionGuid = {6265A12C-C99E-43A9-8B88-157BA03954E5}
	EndGlobalSection
EndGlobal
